
Microsoft Visual Studio Solution File, Format Version 12.00
# Visual Studio Version 17
VisualStudioVersion = 17.3.32929.385
MinimumVisualStudioVersion = 10.0.40219.1
Project("{FAE04EC0-301F-11D3-BF4B-00C04F79EFBC}") = "Proxy", "Proxy\Proxy.csproj", "{2AB9D111-8EE0-4EC0-8FCC-175F7D565034}"
EndProject
Global
	GlobalSection(SolutionConfigurationPlatforms) = preSolution
		Debug|Any CPU = Debug|Any CPU
		Release|Any CPU = Release|Any CPU
	EndGlobalSection
	GlobalSection(ProjectConfigurationPlatforms) = postSolution
		{2AB9D111-8EE0-4EC0-8FCC-175F7D565034}.Debug|Any CPU.ActiveCfg = Debug|Any CPU
		{2AB9D111-8EE0-4EC0-8FCC-175F7D565034}.Debug|Any CPU.Build.0 = Debug|Any CPU
		{2AB9D111-8EE0-4EC0-8FCC-175F7D565034}.Release|Any CPU.ActiveCfg = Release|Any CPU
		{2AB9D111-8EE0-4EC0-8FCC-175F7D565034}.Release|Any CPU.Build.0 = Release|Any CPU
	EndGlobalSection
	GlobalSection(SolutionProperties) = preSolution
		HideSolutionNode = FALSE
	EndGlobalSection
	GlobalSection(ExtensibilityGlobals) = postSolution
		SolutionGuid = {CDE581D3-0001-4E52-B0BF-9A0E1E120BE2}
	EndGlobalSection
EndGlobal
